// !$*UTF8*$!
{
	archiveVersion = 1;
	classes = {
	};
	objectVersion = 50;
	objects = {

/* Begin PBXBuildFile section */
		956FCC4E22D117DE004CD47F /* AppDelegate.swift in Sources */ = {isa = PBXBuildFile; fileRef = 956FCC4D22D117DE004CD47F /* AppDelegate.swift */; };
		956FCC5022D117DE004CD47F /* SceneDelegate.swift in Sources */ = {isa = PBXBuildFile; fileRef = 956FCC4F22D117DE004CD47F /* SceneDelegate.swift */; };
		956FCC5222D117DE004CD47F /* ContentView.swift in Sources */ = {isa = PBXBuildFile; fileRef = 956FCC5122D117DE004CD47F /* ContentView.swift */; };
		956FCC5422D117E0004CD47F /* Assets.xcassets in Resources */ = {isa = PBXBuildFile; fileRef = 956FCC5322D117E0004CD47F /* Assets.xcassets */; };
		956FCC5722D117E0004CD47F /* Preview Assets.xcassets in Resources */ = {isa = PBXBuildFile; fileRef = 956FCC5622D117E0004CD47F /* Preview Assets.xcassets */; };
		956FCC5A22D117E0004CD47F /* LaunchScreen.storyboard in Resources */ = {isa = PBXBuildFile; fileRef = 956FCC5822D117E0004CD47F /* LaunchScreen.storyboard */; };
		956FCC6522D117E0004CD47F /* CombineTestTests.swift in Sources */ = {isa = PBXBuildFile; fileRef = 956FCC6422D117E0004CD47F /* CombineTestTests.swift */; };
		956FCC7022D117FC004CD47F /* CircuitPublisher.swift in Sources */ = {isa = PBXBuildFile; fileRef = 956FCC6F22D117FC004CD47F /* CircuitPublisher.swift */; };
		95E1EE5822D3E1770017275C /* TimePublisher.swift in Sources */ = {isa = PBXBuildFile; fileRef = 95E1EE5722D3E1770017275C /* TimePublisher.swift */; };
/* End PBXBuildFile section */

/* Begin PBXContainerItemProxy section */
		956FCC6122D117E0004CD47F /* PBXContainerItemProxy */ = {
			isa = PBXContainerItemProxy;
			containerPortal = 956FCC4222D117DE004CD47F /* Project object */;
			proxyType = 1;
			remoteGlobalIDString = 956FCC4922D117DE004CD47F;
			remoteInfo = CombineTest;
		};
/* End PBXContainerItemProxy section */

/* Begin PBXFileReference section */
		956FCC4A22D117DE004CD47F /* CombineTest.app */ = {isa = PBXFileReference; explicitFileType = wrapper.application; includeInIndex = 0; path = CombineTest.app; sourceTree = BUILT_PRODUCTS_DIR; };
		956FCC4D22D117DE004CD47F /* AppDelegate.swift */ = {isa = PBXFileReference; lastKnownFileType = sourcecode.swift; path = AppDelegate.swift; sourceTree = "<group>"; };
		956FCC4F22D117DE004CD47F /* SceneDelegate.swift */ = {isa = PBXFileReference; lastKnownFileType = sourcecode.swift; path = SceneDelegate.swift; sourceTree = "<group>"; };
		956FCC5122D117DE004CD47F /* ContentView.swift */ = {isa = PBXFileReference; lastKnownFileType = sourcecode.swift; path = ContentView.swift; sourceTree = "<group>"; };
		956FCC5322D117E0004CD47F /* Assets.xcassets */ = {isa = PBXFileReference; lastKnownFileType = folder.assetcatalog; path = Assets.xcassets; sourceTree = "<group>"; };
		956FCC5622D117E0004CD47F /* Preview Assets.xcassets */ = {isa = PBXFileReference; lastKnownFileType = folder.assetcatalog; path = "Preview Assets.xcassets"; sourceTree = "<group>"; };
		956FCC5922D117E0004CD47F /* Base */ = {isa = PBXFileReference; lastKnownFileType = file.storyboard; name = Base; path = Base.lproj/LaunchScreen.storyboard; sourceTree = "<group>"; };
		956FCC5B22D117E0004CD47F /* Info.plist */ = {isa = PBXFileReference; lastKnownFileType = text.plist.xml; path = Info.plist; sourceTree = "<group>"; };
		956FCC6022D117E0004CD47F /* CombineTestTests.xctest */ = {isa = PBXFileReference; explicitFileType = wrapper.cfbundle; includeInIndex = 0; path = CombineTestTests.xctest; sourceTree = BUILT_PRODUCTS_DIR; };
		956FCC6422D117E0004CD47F /* CombineTestTests.swift */ = {isa = PBXFileReference; lastKnownFileType = sourcecode.swift; path = CombineTestTests.swift; sourceTree = "<group>"; };
		956FCC6622D117E0004CD47F /* Info.plist */ = {isa = PBXFileReference; lastKnownFileType = text.plist.xml; path = Info.plist; sourceTree = "<group>"; };
		956FCC6F22D117FC004CD47F /* CircuitPublisher.swift */ = {isa = PBXFileReference; lastKnownFileType = sourcecode.swift; path = CircuitPublisher.swift; sourceTree = "<group>"; };
		95E1EE5722D3E1770017275C /* TimePublisher.swift */ = {isa = PBXFileReference; lastKnownFileType = sourcecode.swift; path = TimePublisher.swift; sourceTree = "<group>"; };
/* End PBXFileReference section */

/* Begin PBXFrameworksBuildPhase section */
		956FCC4722D117DE004CD47F /* Frameworks */ = {
			isa = PBXFrameworksBuildPhase;
			buildActionMask = 2147483647;
			files = (
			);
			runOnlyForDeploymentPostprocessing = 0;
		};
		956FCC5D22D117E0004CD47F /* Frameworks */ = {
			isa = PBXFrameworksBuildPhase;
			buildActionMask = 2147483647;
			files = (
			);
			runOnlyForDeploymentPostprocessing = 0;
		};
/* End PBXFrameworksBuildPhase section */

/* Begin PBXGroup section */
		956FCC4122D117DE004CD47F = {
			isa = PBXGroup;
			children = (
				956FCC4C22D117DE004CD47F /* CombineTest */,
				956FCC6322D117E0004CD47F /* CombineTestTests */,
				956FCC4B22D117DE004CD47F /* Products */,
			);
			sourceTree = "<group>";
		};
		956FCC4B22D117DE004CD47F /* Products */ = {
			isa = PBXGroup;
			children = (
				956FCC4A22D117DE004CD47F /* CombineTest.app */,
				956FCC6022D117E0004CD47F /* CombineTestTests.xctest */,
			);
			name = Products;
			sourceTree = "<group>";
		};
		956FCC4C22D117DE004CD47F /* CombineTest */ = {
			isa = PBXGroup;
			children = (
				956FCC4D22D117DE004CD47F /* AppDelegate.swift */,
				956FCC4F22D117DE004CD47F /* SceneDelegate.swift */,
				956FCC5122D117DE004CD47F /* ContentView.swift */,
				956FCC5322D117E0004CD47F /* Assets.xcassets */,
				956FCC5822D117E0004CD47F /* LaunchScreen.storyboard */,
				956FCC5B22D117E0004CD47F /* Info.plist */,
				956FCC5522D117E0004CD47F /* Preview Content */,
				956FCC6F22D117FC004CD47F /* CircuitPublisher.swift */,
				95E1EE5722D3E1770017275C /* TimePublisher.swift */,
			);
			path = CombineTest;
			sourceTree = "<group>";
		};
		956FCC5522D117E0004CD47F /* Preview Content */ = {
			isa = PBXGroup;
			children = (
				956FCC5622D117E0004CD47F /* Preview Assets.xcassets */,
			);
			path = "Preview Content";
			sourceTree = "<group>";
		};
		956FCC6322D117E0004CD47F /* CombineTestTests */ = {
			isa = PBXGroup;
			children = (
				956FCC6422D117E0004CD47F /* CombineTestTests.swift */,
				956FCC6622D117E0004CD47F /* Info.plist */,
			);
			path = CombineTestTests;
			sourceTree = "<group>";
		};
/* End PBXGroup section */

/* Begin PBXNativeTarget section */
		956FCC4922D117DE004CD47F /* CombineTest */ = {
			isa = PBXNativeTarget;
			buildConfigurationList = 956FCC6922D117E0004CD47F /* Build configuration list for PBXNativeTarget "CombineTest" */;
			buildPhases = (
				956FCC4622D117DE004CD47F /* Sources */,
				956FCC4722D117DE004CD47F /* Frameworks */,
				956FCC4822D117DE004CD47F /* Resources */,
			);
			buildRules = (
			);
			dependencies = (
			);
			name = CombineTest;
			productName = CombineTest;
			productReference = 956FCC4A22D117DE004CD47F /* CombineTest.app */;
			productType = "com.apple.product-type.application";
		};
		956FCC5F22D117E0004CD47F /* CombineTestTests */ = {
			isa = PBXNativeTarget;
			buildConfigurationList = 956FCC6C22D117E0004CD47F /* Build configuration list for PBXNativeTarget "CombineTestTests" */;
			buildPhases = (
				956FCC5C22D117E0004CD47F /* Sources */,
				956FCC5D22D117E0004CD47F /* Frameworks */,
				956FCC5E22D117E0004CD47F /* Resources */,
			);
			buildRules = (
			);
			dependencies = (
				956FCC6222D117E0004CD47F /* PBXTargetDependency */,
			);
			name = CombineTestTests;
			productName = CombineTestTests;
			productReference = 956FCC6022D117E0004CD47F /* CombineTestTests.xctest */;
			productType = "com.apple.product-type.bundle.unit-test";
		};
/* End PBXNativeTarget section */

/* Begin PBXProject section */
		956FCC4222D117DE004CD47F /* Project object */ = {
			isa = PBXProject;
			attributes = {
				LastSwiftUpdateCheck = 1100;
				LastUpgradeCheck = 1100;
				ORGANIZATIONNAME = "Eneko Alonso";
				TargetAttributes = {
					956FCC4922D117DE004CD47F = {
						CreatedOnToolsVersion = 11.0;
					};
					956FCC5F22D117E0004CD47F = {
						CreatedOnToolsVersion = 11.0;
						TestTargetID = 956FCC4922D117DE004CD47F;
					};
				};
			};
			buildConfigurationList = 956FCC4522D117DE004CD47F /* Build configuration list for PBXProject "CombineTest" */;
			compatibilityVersion = "Xcode 9.3";
			developmentRegion = en;
			hasScannedForEncodings = 0;
			knownRegions = (
				en,
				Base,
			);
			mainGroup = 956FCC4122D117DE004CD47F;
			productRefGroup = 956FCC4B22D117DE004CD47F /* Products */;
			projectDirPath = "";
			projectRoot = "";
			targets = (
				956FCC4922D117DE004CD47F /* CombineTest */,
				956FCC5F22D117E0004CD47F /* CombineTestTests */,
			);
		};
/* End PBXProject section */

/* Begin PBXResourcesBuildPhase section */
		956FCC4822D117DE004CD47F /* Resources */ = {
			isa = PBXResourcesBuildPhase;
			buildActionMask = 2147483647;
			files = (
				956FCC5A22D117E0004CD47F /* LaunchScreen.storyboard in Resources */,
				956FCC5722D117E0004CD47F /* Preview Assets.xcassets in Resources */,
				956FCC5422D117E0004CD47F /* Assets.xcassets in Resources */,
			);
			runOnlyForDeploymentPostprocessing = 0;
		};
		956FCC5E22D117E0004CD47F /* Resources */ = {
			isa = PBXResourcesBuildPhase;
			buildActionMask = 2147483647;
			files = (
			);
			runOnlyForDeploymentPostprocessing = 0;
		};
/* End PBXResourcesBuildPhase section */

/* Begin PBXSourcesBuildPhase section */
		956FCC4622D117DE004CD47F /* Sources */ = {
			isa = PBXSourcesBuildPhase;
			buildActionMask = 2147483647;
			files = (
				956FCC4E22D117DE004CD47F /* AppDelegate.swift in Sources */,
				956FCC5022D117DE004CD47F /* SceneDelegate.swift in Sources */,
				95E1EE5822D3E1770017275C /* TimePublisher.swift in Sources */,
				956FCC5222D117DE004CD47F /* ContentView.swift in Sources */,
				956FCC7022D117FC004CD47F /* CircuitPublisher.swift in Sources */,
			);
			runOnlyForDeploymentPostprocessing = 0;
		};
		956FCC5C22D117E0004CD47F /* Sources */ = {
			isa = PBXSourcesBuildPhase;
			buildActionMask = 2147483647;
			files = (
				956FCC6522D117E0004CD47F /* CombineTestTests.swift in Sources */,
			);
			runOnlyForDeploymentPostprocessing = 0;
		};
/* End PBXSourcesBuildPhase section */

/* Begin PBXTargetDependency section */
		956FCC6222D117E0004CD47F /* PBXTargetDependency */ = {
			isa = PBXTargetDependency;
			target = 956FCC4922D117DE004CD47F /* CombineTest */;
			targetProxy = 956FCC6122D117E0004CD47F /* PBXContainerItemProxy */;
		};
/* End PBXTargetDependency section */

/* Begin PBXVariantGroup section */
		956FCC5822D117E0004CD47F /* LaunchScreen.storyboard */ = {
			isa = PBXVariantGroup;
			children = (
				956FCC5922D117E0004CD47F /* Base */,
			);
			name = LaunchScreen.storyboard;
			sourceTree = "<group>";
		};
/* End PBXVariantGroup section */

/* Begin XCBuildConfiguration section */
		956FCC6722D117E0004CD47F /* Debug */ = {
			isa = XCBuildConfiguration;
			buildSettings = {
				ALWAYS_SEARCH_USER_PATHS = NO;
				CLANG_ANALYZER_NONNULL = YES;
				CLANG_ANALYZER_NUMBER_OBJECT_CONVERSION = YES_AGGRESSIVE;
				CLANG_CXX_LANGUAGE_STANDARD = "gnu++14";
				CLANG_CXX_LIBRARY = "libc++";
				CLANG_ENABLE_MODULES = YES;
				CLANG_ENABLE_OBJC_ARC = YES;
				CLANG_ENABLE_OBJC_WEAK = YES;
				CLANG_WARN_BLOCK_CAPTURE_AUTORELEASING = YES;
				CLANG_WARN_BOOL_CONVERSION = YES;
				CLANG_WARN_COMMA = YES;
				CLANG_WARN_CONSTANT_CONVERSION = YES;
				CLANG_WARN_DEPRECATED_OBJC_IMPLEMENTATIONS = YES;
				CLANG_WARN_DIRECT_OBJC_ISA_USAGE = YES_ERROR;
				CLANG_WARN_DOCUMENTATION_COMMENTS = YES;
				CLANG_WARN_EMPTY_BODY = YES;
				CLANG_WARN_ENUM_CONVERSION = YES;
				CLANG_WARN_INFINITE_RECURSION = YES;
				CLANG_WARN_INT_CONVERSION = YES;
				CLANG_WARN_NON_LITERAL_NULL_CONVERSION = YES;
				CLANG_WARN_OBJC_IMPLICIT_RETAIN_SELF = YES;
				CLANG_WARN_OBJC_LITERAL_CONVERSION = YES;
				CLANG_WARN_OBJC_ROOT_CLASS = YES_ERROR;
				CLANG_WARN_RANGE_LOOP_ANALYSIS = YES;
				CLANG_WARN_STRICT_PROTOTYPES = YES;
				CLANG_WARN_SUSPICIOUS_MOVE = YES;
				CLANG_WARN_UNGUARDED_AVAILABILITY = YES_AGGRESSIVE;
				CLANG_WARN_UNREACHABLE_CODE = YES;
				CLANG_WARN__DUPLICATE_METHOD_MATCH = YES;
				COPY_PHASE_STRIP = NO;
				DEBUG_INFORMATION_FORMAT = dwarf;
				ENABLE_STRICT_OBJC_MSGSEND = YES;
				ENABLE_TESTABILITY = YES;
				GCC_C_LANGUAGE_STANDARD = gnu11;
				GCC_DYNAMIC_NO_PIC = NO;
				GCC_NO_COMMON_BLOCKS = YES;
				GCC_OPTIMIZATION_LEVEL = 0;
				GCC_PREPROCESSOR_DEFINITIONS = (
					"DEBUG=1",
					"$(inherited)",
				);
				GCC_WARN_64_TO_32_BIT_CONVERSION = YES;
				GCC_WARN_ABOUT_RETURN_TYPE = YES_ERROR;
				GCC_WARN_UNDECLARED_SELECTOR = YES;
				GCC_WARN_UNINITIALIZED_AUTOS = YES_AGGRESSIVE;
				GCC_WARN_UNUSED_FUNCTION = YES;
				GCC_WARN_UNUSED_VARIABLE = YES;
				IPHONEOS_DEPLOYMENT_TARGET = 13.0;
				MTL_ENABLE_DEBUG_INFO = INCLUDE_SOURCE;
				MTL_FAST_MATH = YES;
				ONLY_ACTIVE_ARCH = YES;
				SDKROOT = iphoneos;
				SWIFT_ACTIVE_COMPILATION_CONDITIONS = DEBUG;
				SWIFT_OPTIMIZATION_LEVEL = "-Onone";
			};
			name = Debug;
		};
		956FCC6822D117E0004CD47F /* Release */ = {
			isa = XCBuildConfiguration;
			buildSettings = {
				ALWAYS_SEARCH_USER_PATHS = NO;
				CLANG_ANALYZER_NONNULL = YES;
				CLANG_ANALYZER_NUMBER_OBJECT_CONVERSION = YES_AGGRESSIVE;
				CLANG_CXX_LANGUAGE_STANDARD = "gnu++14";
				CLANG_CXX_LIBRARY = "libc++";
				CLANG_ENABLE_MODULES = YES;
				CLANG_ENABLE_OBJC_ARC = YES;
				CLANG_ENABLE_OBJC_WEAK = YES;
				CLANG_WARN_BLOCK_CAPTURE_AUTORELEASING = YES;
				CLANG_WARN_BOOL_CONVERSION = YES;
				CLANG_WARN_COMMA = YES;
				CLANG_WARN_CONSTANT_CONVERSION = YES;
				CLANG_WARN_DEPRECATED_OBJC_IMPLEMENTATIONS = YES;
				CLANG_WARN_DIRECT_OBJC_ISA_USAGE = YES_ERROR;
				CLANG_WARN_DOCUMENTATION_COMMENTS = YES;
				CLANG_WARN_EMPTY_BODY = YES;
				CLANG_WARN_ENUM_CONVERSION = YES;
				CLANG_WARN_INFINITE_RECURSION = YES;
				CLANG_WARN_INT_CONVERSION = YES;
				CLANG_WARN_NON_LITERAL_NULL_CONVERSION = YES;
				CLANG_WARN_OBJC_IMPLICIT_RETAIN_SELF = YES;
				CLANG_WARN_OBJC_LITERAL_CONVERSION = YES;
				CLANG_WARN_OBJC_ROOT_CLASS = YES_ERROR;
				CLANG_WARN_RANGE_LOOP_ANALYSIS = YES;
				CLANG_WARN_STRICT_PROTOTYPES = YES;
				CLANG_WARN_SUSPICIOUS_MOVE = YES;
				CLANG_WARN_UNGUARDED_AVAILABILITY = YES_AGGRESSIVE;
				CLANG_WARN_UNREACHABLE_CODE = YES;
				CLANG_WARN__DUPLICATE_METHOD_MATCH = YES;
				COPY_PHASE_STRIP = NO;
				DEBUG_INFORMATION_FORMAT = "dwarf-with-dsym";
				ENABLE_NS_ASSERTIONS = NO;
				ENABLE_STRICT_OBJC_MSGSEND = YES;
				GCC_C_LANGUAGE_STANDARD = gnu11;
				GCC_NO_COMMON_BLOCKS = YES;
				GCC_WARN_64_TO_32_BIT_CONVERSION = YES;
				GCC_WARN_ABOUT_RETURN_TYPE = YES_ERROR;
				GCC_WARN_UNDECLARED_SELECTOR = YES;
				GCC_WARN_UNINITIALIZED_AUTOS = YES_AGGRESSIVE;
				GCC_WARN_UNUSED_FUNCTION = YES;
				GCC_WARN_UNUSED_VARIABLE = YES;
				IPHONEOS_DEPLOYMENT_TARGET = 13.0;
				MTL_ENABLE_DEBUG_INFO = NO;
				MTL_FAST_MATH = YES;
				SDKROOT = iphoneos;
				SWIFT_COMPILATION_MODE = wholemodule;
				SWIFT_OPTIMIZATION_LEVEL = "-O";
				VALIDATE_PRODUCT = YES;
			};
			name = Release;
		};
		956FCC6A22D117E0004CD47F /* Debug */ = {
			isa = XCBuildConfiguration;
			buildSettings = {
				ASSETCATALOG_COMPILER_APPICON_NAME = AppIcon;
				CODE_SIGN_STYLE = Automatic;
				DEVELOPMENT_ASSET_PATHS = "CombineTest/Preview\\ Content";
				DEVELOPMENT_TEAM = 3USQJTX3FJ;
				ENABLE_PREVIEWS = YES;
				INFOPLIST_FILE = CombineTest/Info.plist;
				LD_RUNPATH_SEARCH_PATHS = (
					"$(inherited)",
					"@executable_path/Frameworks",
				);
				PRODUCT_BUNDLE_IDENTIFIER = com.enekoalonso.apps.CombineTest;
				PRODUCT_NAME = "$(TARGET_NAME)";
				SWIFT_VERSION = 5.0;
				TARGETED_DEVICE_FAMILY = "1,2";
			};
			name = Debug;
		};
		956FCC6B22D117E0004CD47F /* Release */ = {
			isa = XCBuildConfiguration;
			buildSettings = {
				ASSETCATALOG_COMPILER_APPICON_NAME = AppIcon;
				CODE_SIGN_STYLE = Automatic;
				DEVELOPMENT_ASSET_PATHS = "CombineTest/Preview\\ Content";
				DEVELOPMENT_TEAM = 3USQJTX3FJ;
				ENABLE_PREVIEWS = YES;
				INFOPLIST_FILE = CombineTest/Info.plist;
				LD_RUNPATH_SEARCH_PATHS = (
					"$(inherited)",
					"@executable_path/Frameworks",
				);
				PRODUCT_BUNDLE_IDENTIFIER = com.enekoalonso.apps.CombineTest;
				PRODUCT_NAME = "$(TARGET_NAME)";
				SWIFT_VERSION = 5.0;
				TARGETED_DEVICE_FAMILY = "1,2";
			};
			name = Release;
		};
		956FCC6D22D117E0004CD47F /* Debug */ = {
			isa = XCBuildConfiguration;
			buildSettings = {
				ALWAYS_EMBED_SWIFT_STANDARD_LIBRARIES = YES;
				BUNDLE_LOADER = "$(TEST_HOST)";
				CODE_SIGN_STYLE = Automatic;
				DEVELOPMENT_TEAM = 3USQJTX3FJ;
				INFOPLIST_FILE = CombineTestTests/Info.plist;
				LD_RUNPATH_SEARCH_PATHS = (
					"$(inherited)",
					"@executable_path/Frameworks",
					"@loader_path/Frameworks",
				);
				PRODUCT_BUNDLE_IDENTIFIER = com.enekoalonso.apps.CombineTestTests;
				PRODUCT_NAME = "$(TARGET_NAME)";
				SWIFT_VERSION = 5.0;
				TARGETED_DEVICE_FAMILY = "1,2";
				TEST_HOST = "$(BUILT_PRODUCTS_DIR)/CombineTest.app/CombineTest";
			};
			name = Debug;
		};
		956FCC6E22D117E0004CD47F /* Release */ = {
			isa = XCBuildConfiguration;
			buildSettings = {
				ALWAYS_EMBED_SWIFT_STANDARD_LIBRARIES = YES;
				BUNDLE_LOADER = "$(TEST_HOST)";
				CODE_SIGN_STYLE = Automatic;
				DEVELOPMENT_TEAM = 3USQJTX3FJ;
				INFOPLIST_FILE = CombineTestTests/Info.plist;
				LD_RUNPATH_SEARCH_PATHS = (
					"$(inherited)",
					"@executable_path/Frameworks",
					"@loader_path/Frameworks",
				);
				PRODUCT_BUNDLE_IDENTIFIER = com.enekoalonso.apps.CombineTestTests;
				PRODUCT_NAME = "$(TARGET_NAME)";
				SWIFT_VERSION = 5.0;
				TARGETED_DEVICE_FAMILY = "1,2";
				TEST_HOST = "$(BUILT_PRODUCTS_DIR)/CombineTest.app/CombineTest";
			};
			name = Release;
		};
/* End XCBuildConfiguration section */

/* Begin XCConfigurationList section */
		956FCC4522D117DE004CD47F /* Build configuration list for PBXProject "CombineTest" */ = {
			isa = XCConfigurationList;
			buildConfigurations = (
				956FCC6722D117E0004CD47F /* Debug */,
				956FCC6822D117E0004CD47F /* Release */,
			);
			defaultConfigurationIsVisible = 0;
			defaultConfigurationName = Release;
		};
		956FCC6922D117E0004CD47F /* Build configuration list for PBXNativeTarget "CombineTest" */ = {
			isa = XCConfigurationList;
			buildConfigurations = (
				956FCC6A22D117E0004CD47F /* Debug */,
				956FCC6B22D117E0004CD47F /* Release */,
			);
			defaultConfigurationIsVisible = 0;
			defaultConfigurationName = Release;
		};
		956FCC6C22D117E0004CD47F /* Build configuration list for PBXNativeTarget "CombineTestTests" */ = {
			isa = XCConfigurationList;
			buildConfigurations = (
				956FCC6D22D117E0004CD47F /* Debug */,
				956FCC6E22D117E0004CD47F /* Release */,
			);
			defaultConfigurationIsVisible = 0;
			defaultConfigurationName = Release;
		};
/* End XCConfigurationList section */
	};
	rootObject = 956FCC4222D117DE004CD47F /* Project object */;
}
